
Microsoft Visual Studio Solution File, Format Version 12.00
# Visual Studio 15
Project("{FAE04EC0-301F-11D3-BF4B-00C04F79EFBC}") = "SolarBattMan", "SolarBattMan.csproj", "{8CCD360F-6181-466C-AA8D-C28F0045191A}"
EndProject
Global
	GlobalSection(SolutionConfigurationPlatforms) = preSolution
		Debug|Any CPU = Debug|Any CPU
		Release|Any CPU = Release|Any CPU
	EndGlobalSection
	GlobalSection(ProjectConfigurationPlatforms) = postSolution
		{8CCD360F-6181-466C-AA8D-C28F0045191A}.Debug|Any CPU.ActiveCfg = Debug|Any CPU
		{8CCD360F-6181-466C-AA8D-C28F0045191A}.Debug|Any CPU.Build.0 = Debug|Any CPU
		{8CCD360F-6181-466C-AA8D-C28F0045191A}.Release|Any CPU.ActiveCfg = Release|Any CPU
		{8CCD360F-6181-466C-AA8D-C28F0045191A}.Release|Any CPU.Build.0 = Release|Any CPU
	EndGlobalSection
EndGlobal
